github.com/go-logfmt/logfmt v0.6.1 h1:4hvbpePJKnIzH1B+8OR/JPbTx37NktoI9LE2QZBBkvE=
github.com/go-logfmt/logfmt v0.6.1/go.mod h1:EV2pOAQoZaT1ZXZbqDl5hrymndi4SY9ED9/z6CO0XAk=
github.com/google/go-cmp v0.7.0 h1:wk8382ETsv4JYUZwIsn6YpYiWiBsYLSJiTsyBybVuN8=
github.com/google/go-cmp v0.7.0/go.mod h1:pXiqmnSA92OHEEa9HXL2W4E7lf9JzCmGVUdgjX3N/iU=
github.com/kr/logfmt v0.0.0-20210122060352-19f9bcb100e6 h1:ZK1mH67KVyVW/zOLu0xLva+f6xJ8vt+LGrkQq5FJYLY=
github.com/kr/logfmt v0.0.0-20210122060352-19f9bcb100e6/go.mod h1:JIiJcj9TX57tEvCXjm6eaHd2ce4pZZf9wzYuThq45u8=
